# This file is generated by running "yarn install" inside your project.
# Manual changes might be lost - proceed with caution!

__metadata:
  version: 8
  cacheKey: 10c0

"@types/node@npm:18.19.130":
  version: 18.19.130
  resolution: "@types/node@npm:18.19.130"
  dependencies:
    undici-types: "npm:~5.26.4"
  checksum: 10c0/22ba2bc9f8863101a7e90a56aaeba1eb3ebdc51e847cef4a6d188967ab1acbce9b4f92251372fd0329ecb924bbf610509e122c3dfe346c04dbad04013d4ad7d0
  languageName: node
  linkType: hard

"typescript@npm:5.7.3":
  version: 5.7.3
  resolution: "typescript@npm:5.7.3"
  bin:
    tsc: bin/tsc
    tsserver: bin/tsserver
  checksum: 10c0/b7580d716cf1824736cc6e628ab4cd8b51877408ba2be0869d2866da35ef8366dd6ae9eb9d0851470a39be17cbd61df1126f9e211d8799d764ea7431d5435afa
  languageName: node
  linkType: hard

"typescript@patch:typescript@npm%3A5.7.3#optional!builtin<compat/typescript>":
  version: 5.7.3
  resolution: "typescript@patch:typescript@npm%3A5.7.3#optional!builtin<compat/typescript>::version=5.7.3&hash=5786d5"
  bin:
    tsc: bin/tsc
    tsserver: bin/tsserver
  checksum: 10c0/6fd7e0ed3bf23a81246878c613423730c40e8bdbfec4c6e4d7bf1b847cbb39076e56ad5f50aa9d7ebd89877999abaee216002d3f2818885e41c907caaa192cc4
  languageName: node
  linkType: hard

"undici-types@npm:~5.26.4":
  version: 5.26.5
  resolution: "undici-types@npm:5.26.5"
  checksum: 10c0/bb673d7876c2d411b6eb6c560e0c571eef4a01c1c19925175d16e3a30c4c428181fb8d7ae802a261f283e4166a0ac435e2f505743aa9e45d893f9a3df017b501
  languageName: node
  linkType: hard

"wtl-typescript-live@workspace:.":
  version: 0.0.0-use.local
  resolution: "wtl-typescript-live@workspace:."
  dependencies:
    "@types/node": "npm:18.19.130"
    typescript: "npm:5.7.3"
    zod: "npm:3.25.76"
  languageName: unknown
  linkType: soft

"zod@npm:3.25.76":
  version: 3.25.76
  resolution: "zod@npm:3.25.76"
  checksum: 10c0/5718ec35e3c40b600316c5b4c5e4976f7fee68151bc8f8d90ec18a469be9571f072e1bbaace10f1e85cf8892ea12d90821b200e980ab46916a6166a4260a983c
  languageName: node
  linkType: hard
